
Microsoft Visual Studio Solution File, Format Version 12.00
# Visual Studio Version 17
VisualStudioVersion = 17.8.34330.188
MinimumVisualStudioVersion = 10.0.40219.1
Project("{9A19103F-16F7-4668-BE54-9A1E7A4F7556}") = "EmploymentTracker", "EmploymentTracker\EmploymentTracker.csproj", "{9A7C6DD6-60CC-439A-9B90-7B9A31CBEE88}"
EndProject
Project("{9A19103F-16F7-4668-BE54-9A1E7A4F7556}") = "DifficultyConfig", "DifficultyConfig\DifficultyConfig.csproj", "{5B5EF05C-3B49-4AB7-9D54-C2F0902B2BC5}"
EndProject
Global
	GlobalSection(SolutionConfigurationPlatforms) = preSolution
		Debug|Any CPU = Debug|Any CPU
		Release|Any CPU = Release|Any CPU
	EndGlobalSection
	GlobalSection(ProjectConfigurationPlatforms) = postSolution
		{9A7C6DD6-60CC-439A-9B90-7B9A31CBEE88}.Debug|Any CPU.ActiveCfg = Debug|Any CPU
		{9A7C6DD6-60CC-439A-9B90-7B9A31CBEE88}.Debug|Any CPU.Build.0 = Debug|Any CPU
		{9A7C6DD6-60CC-439A-9B90-7B9A31CBEE88}.Release|Any CPU.ActiveCfg = Release|Any CPU
		{9A7C6DD6-60CC-439A-9B90-7B9A31CBEE88}.Release|Any CPU.Build.0 = Release|Any CPU
		{5B5EF05C-3B49-4AB7-9D54-C2F0902B2BC5}.Debug|Any CPU.ActiveCfg = Debug|Any CPU
		{5B5EF05C-3B49-4AB7-9D54-C2F0902B2BC5}.Debug|Any CPU.Build.0 = Debug|Any CPU
		{5B5EF05C-3B49-4AB7-9D54-C2F0902B2BC5}.Release|Any CPU.ActiveCfg = Release|Any CPU
		{5B5EF05C-3B49-4AB7-9D54-C2F0902B2BC5}.Release|Any CPU.Build.0 = Release|Any CPU
	EndGlobalSection
	GlobalSection(SolutionProperties) = preSolution
		HideSolutionNode = FALSE
	EndGlobalSection
	GlobalSection(ExtensibilityGlobals) = postSolution
		SolutionGuid = {3A1CD456-8B36-41FC-9001-8AE5710AEB4C}
	EndGlobalSection
EndGlobal
